
Microsoft Visual Studio Solution File, Format Version 12.00
# Visual Studio Version 16
VisualStudioVersion = 16.0.31205.134
MinimumVisualStudioVersion = 10.0.40219.1
Project("{FAE04EC0-301F-11D3-BF4B-00C04F79EFBC}") = "Alkalmazas", "Alkalmazas.csproj", "{36D9BD22-A594-4F79-B204-D0B7A95DD3EF}"
EndProject
Global
	GlobalSection(SolutionConfigurationPlatforms) = preSolution
		Debug|Any CPU = Debug|Any CPU
		Release|Any CPU = Release|Any CPU
	EndGlobalSection
	GlobalSection(ProjectConfigurationPlatforms) = postSolution
		{36D9BD22-A594-4F79-B204-D0B7A95DD3EF}.Debug|Any CPU.ActiveCfg = Debug|Any CPU
		{36D9BD22-A594-4F79-B204-D0B7A95DD3EF}.Debug|Any CPU.Build.0 = Debug|Any CPU
		{36D9BD22-A594-4F79-B204-D0B7A95DD3EF}.Release|Any CPU.ActiveCfg = Release|Any CPU
		{36D9BD22-A594-4F79-B204-D0B7A95DD3EF}.Release|Any CPU.Build.0 = Release|Any CPU
	EndGlobalSection
	GlobalSection(SolutionProperties) = preSolution
		HideSolutionNode = FALSE
	EndGlobalSection
	GlobalSection(ExtensibilityGlobals) = postSolution
		SolutionGuid = {982B5B14-EF8B-47D6-AE63-85D30B967C64}
	EndGlobalSection
EndGlobal
